
Microsoft Visual Studio Solution File, Format Version 12.00
# Visual Studio Version 17
VisualStudioVersion = 17.7.34031.279
MinimumVisualStudioVersion = 10.0.40219.1
Project("{FAE04EC0-301F-11D3-BF4B-00C04F79EFBC}") = "DataAccess", "DataAccess\DataAccess.csproj", "{336EC223-5863-445C-BA02-C1D06D894089}"
EndProject
Project("{FAE04EC0-301F-11D3-BF4B-00C04F79EFBC}") = "Business", "Business\Business.csproj", "{FAB8E4DD-3310-4C80-8D78-B7C6A3E53E1A}"
EndProject
Project("{FAE04EC0-301F-11D3-BF4B-00C04F79EFBC}") = "Entities", "Entities\Entities.csproj", "{09074546-1835-4164-B92C-5A0B242BB875}"
EndProject
Project("{FAE04EC0-301F-11D3-BF4B-00C04F79EFBC}") = "ConsoleUI", "ConsoleUI\ConsoleUI.csproj", "{5774F195-3692-47C7-998D-7E8E5874AEDD}"
EndProject
Global
	GlobalSection(SolutionConfigurationPlatforms) = preSolution
		Debug|Any CPU = Debug|Any CPU
		Release|Any CPU = Release|Any CPU
	EndGlobalSection
	GlobalSection(ProjectConfigurationPlatforms) = postSolution
		{336EC223-5863-445C-BA02-C1D06D894089}.Debug|Any CPU.ActiveCfg = Debug|Any CPU
		{336EC223-5863-445C-BA02-C1D06D894089}.Debug|Any CPU.Build.0 = Debug|Any CPU
		{336EC223-5863-445C-BA02-C1D06D894089}.Release|Any CPU.ActiveCfg = Release|Any CPU
		{336EC223-5863-445C-BA02-C1D06D894089}.Release|Any CPU.Build.0 = Release|Any CPU
		{FAB8E4DD-3310-4C80-8D78-B7C6A3E53E1A}.Debug|Any CPU.ActiveCfg = Debug|Any CPU
		{FAB8E4DD-3310-4C80-8D78-B7C6A3E53E1A}.Debug|Any CPU.Build.0 = Debug|Any CPU
		{FAB8E4DD-3310-4C80-8D78-B7C6A3E53E1A}.Release|Any CPU.ActiveCfg = Release|Any CPU
		{FAB8E4DD-3310-4C80-8D78-B7C6A3E53E1A}.Release|Any CPU.Build.0 = Release|Any CPU
		{09074546-1835-4164-B92C-5A0B242BB875}.Debug|Any CPU.ActiveCfg = Debug|Any CPU
		{09074546-1835-4164-B92C-5A0B242BB875}.Debug|Any CPU.Build.0 = Debug|Any CPU
		{09074546-1835-4164-B92C-5A0B242BB875}.Release|Any CPU.ActiveCfg = Release|Any CPU
		{09074546-1835-4164-B92C-5A0B242BB875}.Release|Any CPU.Build.0 = Release|Any CPU
		{5774F195-3692-47C7-998D-7E8E5874AEDD}.Debug|Any CPU.ActiveCfg = Debug|Any CPU
		{5774F195-3692-47C7-998D-7E8E5874AEDD}.Debug|Any CPU.Build.0 = Debug|Any CPU
		{5774F195-3692-47C7-998D-7E8E5874AEDD}.Release|Any CPU.ActiveCfg = Release|Any CPU
		{5774F195-3692-47C7-998D-7E8E5874AEDD}.Release|Any CPU.Build.0 = Release|Any CPU
	EndGlobalSection
	GlobalSection(SolutionProperties) = preSolution
		HideSolutionNode = FALSE
	EndGlobalSection
	GlobalSection(ExtensibilityGlobals) = postSolution
		SolutionGuid = {7743F34E-E309-4131-B766-45470294D205}
	EndGlobalSection
EndGlobal
